// !$*UTF8*$!
{
	archiveVersion = 1;
	classes = {
	};
	objectVersion = 46;
	objects = {

/* Begin PBXBuildFile section */
		A38EEF1F1552556100ED5D4B /* Cocoa.framework in Frameworks */ = {isa = PBXBuildFile; fileRef = A38EEF1E1552556100ED5D4B /* Cocoa.framework */; };
		A38EEF291552556100ED5D4B /* InfoPlist.strings in Resources */ = {isa = PBXBuildFile; fileRef = A38EEF271552556100ED5D4B /* InfoPlist.strings */; };
		A38EEF2B1552556100ED5D4B /* main.m in Sources */ = {isa = PBXBuildFile; fileRef = A38EEF2A1552556100ED5D4B /* main.m */; };
		A38EEF2F1552556100ED5D4B /* Credits.rtf in Resources */ = {isa = PBXBuildFile; fileRef = A38EEF2D1552556100ED5D4B /* Credits.rtf */; };
		A38EEF321552556100ED5D4B /* AppDelegate.m in Sources */ = {isa = PBXBuildFile; fileRef = A38EEF311552556100ED5D4B /* AppDelegate.m */; };
		A38EEF351552556200ED5D4B /* MainMenu.xib in Resources */ = {isa = PBXBuildFile; fileRef = A38EEF331552556200ED5D4B /* MainMenu.xib */; };
		A38EEF3D1552556200ED5D4B /* SenTestingKit.framework in Frameworks */ = {isa = PBXBuildFile; fileRef = A38EEF3C1552556200ED5D4B /* SenTestingKit.framework */; };
		A38EEF3E1552556200ED5D4B /* Cocoa.framework in Frameworks */ = {isa = PBXBuildFile; fileRef = A38EEF1E1552556100ED5D4B /* Cocoa.framework */; };
		A38EEF461552556200ED5D4B /* InfoPlist.strings in Resources */ = {isa = PBXBuildFile; fileRef = A38EEF441552556200ED5D4B /* InfoPlist.strings */; };
		A38EEF491552556200ED5D4B /* PODHD_ConverterTests.m in Sources */ = {isa = PBXBuildFile; fileRef = A38EEF481552556200ED5D4B /* PODHD_ConverterTests.m */; };
		A38EEF54155255CB00ED5D4B /* convert.m in Sources */ = {isa = PBXBuildFile; fileRef = A38EEF53155255CB00ED5D4B /* convert.m */; };
/* End PBXBuildFile section */

/* Begin PBXContainerItemProxy section */
		A38EEF3F1552556200ED5D4B /* PBXContainerItemProxy */ = {
			isa = PBXContainerItemProxy;
			containerPortal = A38EEF111552556100ED5D4B /* Project object */;
			proxyType = 1;
			remoteGlobalIDString = A38EEF191552556100ED5D4B;
			remoteInfo = "PODHD Converter";
		};
/* End PBXContainerItemProxy section */

/* Begin PBXFileReference section */
		A38EEF1A1552556100ED5D4B /* PODHD Converter.app */ = {isa = PBXFileReference; explicitFileType = wrapper.application; includeInIndex = 0; path = "PODHD Converter.app"; sourceTree = BUILT_PRODUCTS_DIR; };
		A38EEF1E1552556100ED5D4B /* Cocoa.framework */ = {isa = PBXFileReference; lastKnownFileType = wrapper.framework; name = Cocoa.framework; path = System/Library/Frameworks/Cocoa.framework; sourceTree = SDKROOT; };
		A38EEF211552556100ED5D4B /* AppKit.framework */ = {isa = PBXFileReference; lastKnownFileType = wrapper.framework; name = AppKit.framework; path = System/Library/Frameworks/AppKit.framework; sourceTree = SDKROOT; };
		A38EEF221552556100ED5D4B /* CoreData.framework */ = {isa = PBXFileReference; lastKnownFileType = wrapper.framework; name = CoreData.framework; path = System/Library/Frameworks/CoreData.framework; sourceTree = SDKROOT; };
		A38EEF231552556100ED5D4B /* Foundation.framework */ = {isa = PBXFileReference; lastKnownFileType = wrapper.framework; name = Foundation.framework; path = System/Library/Frameworks/Foundation.framework; sourceTree = SDKROOT; };
		A38EEF261552556100ED5D4B /* PODHD Converter-Info.plist */ = {isa = PBXFileReference; lastKnownFileType = text.plist.xml; path = "PODHD Converter-Info.plist"; sourceTree = "<group>"; };
		A38EEF281552556100ED5D4B /* en */ = {isa = PBXFileReference; lastKnownFileType = text.plist.strings; name = en; path = en.lproj/InfoPlist.strings; sourceTree = "<group>"; };
		A38EEF2A1552556100ED5D4B /* main.m */ = {isa = PBXFileReference; lastKnownFileType = sourcecode.c.objc; path = main.m; sourceTree = "<group>"; };
		A38EEF2C1552556100ED5D4B /* PODHD Converter-Prefix.pch */ = {isa = PBXFileReference; lastKnownFileType = sourcecode.c.h; path = "PODHD Converter-Prefix.pch"; sourceTree = "<group>"; };
		A38EEF2E1552556100ED5D4B /* en */ = {isa = PBXFileReference; lastKnownFileType = text.rtf; name = en; path = en.lproj/Credits.rtf; sourceTree = "<group>"; };
		A38EEF301552556100ED5D4B /* AppDelegate.h */ = {isa = PBXFileReference; lastKnownFileType = sourcecode.c.h; path = AppDelegate.h; sourceTree = "<group>"; };
		A38EEF311552556100ED5D4B /* AppDelegate.m */ = {isa = PBXFileReference; lastKnownFileType = sourcecode.c.objc; path = AppDelegate.m; sourceTree = "<group>"; };
		A38EEF341552556200ED5D4B /* en */ = {isa = PBXFileReference; lastKnownFileType = file.xib; name = en; path = en.lproj/MainMenu.xib; sourceTree = "<group>"; };
		A38EEF3B1552556200ED5D4B /* PODHD ConverterTests.octest */ = {isa = PBXFileReference; explicitFileType = wrapper.cfbundle; includeInIndex = 0; path = "PODHD ConverterTests.octest"; sourceTree = BUILT_PRODUCTS_DIR; };
		A38EEF3C1552556200ED5D4B /* SenTestingKit.framework */ = {isa = PBXFileReference; lastKnownFileType = wrapper.framework; name = SenTestingKit.framework; path = Library/Frameworks/SenTestingKit.framework; sourceTree = DEVELOPER_DIR; };
		A38EEF431552556200ED5D4B /* PODHD ConverterTests-Info.plist */ = {isa = PBXFileReference; lastKnownFileType = text.plist.xml; path = "PODHD ConverterTests-Info.plist"; sourceTree = "<group>"; };
		A38EEF451552556200ED5D4B /* en */ = {isa = PBXFileReference; lastKnownFileType = text.plist.strings; name = en; path = en.lproj/InfoPlist.strings; sourceTree = "<group>"; };
		A38EEF471552556200ED5D4B /* PODHD_ConverterTests.h */ = {isa = PBXFileReference; lastKnownFileType = sourcecode.c.h; path = PODHD_ConverterTests.h; sourceTree = "<group>"; };
		A38EEF481552556200ED5D4B /* PODHD_ConverterTests.m */ = {isa = PBXFileReference; lastKnownFileType = sourcecode.c.objc; path = PODHD_ConverterTests.m; sourceTree = "<group>"; };
		A38EEF52155255CB00ED5D4B /* convert.h */ = {isa = PBXFileReference; fileEncoding = 4; lastKnownFileType = sourcecode.c.h; path = convert.h; sourceTree = "<group>"; };
		A38EEF53155255CB00ED5D4B /* convert.m */ = {isa = PBXFileReference; fileEncoding = 4; lastKnownFileType = sourcecode.c.objc; path = convert.m; sourceTree = "<group>"; };
/* End PBXFileReference section */

/* Begin PBXFrameworksBuildPhase section */
		A38EEF171552556100ED5D4B /* Frameworks */ = {
			isa = PBXFrameworksBuildPhase;
			buildActionMask = 2147483647;
			files = (
				A38EEF1F1552556100ED5D4B /* Cocoa.framework in Frameworks */,
			);
			runOnlyForDeploymentPostprocessing = 0;
		};
		A38EEF371552556200ED5D4B /* Frameworks */ = {
			isa = PBXFrameworksBuildPhase;
			buildActionMask = 2147483647;
			files = (
				A38EEF3D1552556200ED5D4B /* SenTestingKit.framework in Frameworks */,
				A38EEF3E1552556200ED5D4B /* Cocoa.framework in Frameworks */,
			);
			runOnlyForDeploymentPostprocessing = 0;
		};
/* End PBXFrameworksBuildPhase section */

/* Begin PBXGroup section */
		A38EEF0F1552556100ED5D4B = {
			isa = PBXGroup;
			children = (
				A38EEF241552556100ED5D4B /* PODHD Converter */,
				A38EEF411552556200ED5D4B /* PODHD ConverterTests */,
				A38EEF1D1552556100ED5D4B /* Frameworks */,
				A38EEF1B1552556100ED5D4B /* Products */,
			);
			sourceTree = "<group>";
		};
		A38EEF1B1552556100ED5D4B /* Products */ = {
			isa = PBXGroup;
			children = (
				A38EEF1A1552556100ED5D4B /* PODHD Converter.app */,
				A38EEF3B1552556200ED5D4B /* PODHD ConverterTests.octest */,
			);
			name = Products;
			sourceTree = "<group>";
		};
		A38EEF1D1552556100ED5D4B /* Frameworks */ = {
			isa = PBXGroup;
			children = (
				A38EEF1E1552556100ED5D4B /* Cocoa.framework */,
				A38EEF3C1552556200ED5D4B /* SenTestingKit.framework */,
				A38EEF201552556100ED5D4B /* Other Frameworks */,
			);
			name = Frameworks;
			sourceTree = "<group>";
		};
		A38EEF201552556100ED5D4B /* Other Frameworks */ = {
			isa = PBXGroup;
			children = (
				A38EEF211552556100ED5D4B /* AppKit.framework */,
				A38EEF221552556100ED5D4B /* CoreData.framework */,
				A38EEF231552556100ED5D4B /* Foundation.framework */,
			);
			name = "Other Frameworks";
			sourceTree = "<group>";
		};
		A38EEF241552556100ED5D4B /* PODHD Converter */ = {
			isa = PBXGroup;
			children = (
				A38EEF301552556100ED5D4B /* AppDelegate.h */,
				A38EEF311552556100ED5D4B /* AppDelegate.m */,
				A38EEF331552556200ED5D4B /* MainMenu.xib */,
				A38EEF251552556100ED5D4B /* Supporting Files */,
			);
			path = "PODHD Converter";
			sourceTree = "<group>";
		};
		A38EEF251552556100ED5D4B /* Supporting Files */ = {
			isa = PBXGroup;
			children = (
				A38EEF261552556100ED5D4B /* PODHD Converter-Info.plist */,
				A38EEF271552556100ED5D4B /* InfoPlist.strings */,
				A38EEF2A1552556100ED5D4B /* main.m */,
				A38EEF52155255CB00ED5D4B /* convert.h */,
				A38EEF53155255CB00ED5D4B /* convert.m */,
				A38EEF2C1552556100ED5D4B /* PODHD Converter-Prefix.pch */,
				A38EEF2D1552556100ED5D4B /* Credits.rtf */,
			);
			name = "Supporting Files";
			sourceTree = "<group>";
		};
		A38EEF411552556200ED5D4B /* PODHD ConverterTests */ = {
			isa = PBXGroup;
			children = (
				A38EEF471552556200ED5D4B /* PODHD_ConverterTests.h */,
				A38EEF481552556200ED5D4B /* PODHD_ConverterTests.m */,
				A38EEF421552556200ED5D4B /* Supporting Files */,
			);
			path = "PODHD ConverterTests";
			sourceTree = "<group>";
		};
		A38EEF421552556200ED5D4B /* Supporting Files */ = {
			isa = PBXGroup;
			children = (
				A38EEF431552556200ED5D4B /* PODHD ConverterTests-Info.plist */,
				A38EEF441552556200ED5D4B /* InfoPlist.strings */,
			);
			name = "Supporting Files";
			sourceTree = "<group>";
		};
/* End PBXGroup section */

/* Begin PBXNativeTarget section */
		A38EEF191552556100ED5D4B /* PODHD Converter */ = {
			isa = PBXNativeTarget;
			buildConfigurationList = A38EEF4C1552556200ED5D4B /* Build configuration list for PBXNativeTarget "PODHD Converter" */;
			buildPhases = (
				A38EEF161552556100ED5D4B /* Sources */,
				A38EEF171552556100ED5D4B /* Frameworks */,
				A38EEF181552556100ED5D4B /* Resources */,
			);
			buildRules = (
			);
			dependencies = (
			);
			name = "PODHD Converter";
			productName = "PODHD Converter";
			productReference = A38EEF1A1552556100ED5D4B /* PODHD Converter.app */;
			productType = "com.apple.product-type.application";
		};
		A38EEF3A1552556200ED5D4B /* PODHD ConverterTests */ = {
			isa = PBXNativeTarget;
			buildConfigurationList = A38EEF4F1552556200ED5D4B /* Build configuration list for PBXNativeTarget "PODHD ConverterTests" */;
			buildPhases = (
				A38EEF361552556200ED5D4B /* Sources */,
				A38EEF371552556200ED5D4B /* Frameworks */,
				A38EEF381552556200ED5D4B /* Resources */,
				A38EEF391552556200ED5D4B /* ShellScript */,
			);
			buildRules = (
			);
			dependencies = (
				A38EEF401552556200ED5D4B /* PBXTargetDependency */,
			);
			name = "PODHD ConverterTests";
			productName = "PODHD ConverterTests";
			productReference = A38EEF3B1552556200ED5D4B /* PODHD ConverterTests.octest */;
			productType = "com.apple.product-type.bundle";
		};
/* End PBXNativeTarget section */

/* Begin PBXProject section */
		A38EEF111552556100ED5D4B /* Project object */ = {
			isa = PBXProject;
			attributes = {
				LastUpgradeCheck = 0430;
			};
			buildConfigurationList = A38EEF141552556100ED5D4B /* Build configuration list for PBXProject "PODHD Converter" */;
			compatibilityVersion = "Xcode 3.2";
			developmentRegion = English;
			hasScannedForEncodings = 0;
			knownRegions = (
				en,
			);
			mainGroup = A38EEF0F1552556100ED5D4B;
			productRefGroup = A38EEF1B1552556100ED5D4B /* Products */;
			projectDirPath = "";
			projectRoot = "";
			targets = (
				A38EEF191552556100ED5D4B /* PODHD Converter */,
				A38EEF3A1552556200ED5D4B /* PODHD ConverterTests */,
			);
		};
/* End PBXProject section */

/* Begin PBXResourcesBuildPhase section */
		A38EEF181552556100ED5D4B /* Resources */ = {
			isa = PBXResourcesBuildPhase;
			buildActionMask = 2147483647;
			files = (
				A38EEF291552556100ED5D4B /* InfoPlist.strings in Resources */,
				A38EEF2F1552556100ED5D4B /* Credits.rtf in Resources */,
				A38EEF351552556200ED5D4B /* MainMenu.xib in Resources */,
			);
			runOnlyForDeploymentPostprocessing = 0;
		};
		A38EEF381552556200ED5D4B /* Resources */ = {
			isa = PBXResourcesBuildPhase;
			buildActionMask = 2147483647;
			files = (
				A38EEF461552556200ED5D4B /* InfoPlist.strings in Resources */,
			);
			runOnlyForDeploymentPostprocessing = 0;
		};
/* End PBXResourcesBuildPhase section */

/* Begin PBXShellScriptBuildPhase section */
		A38EEF391552556200ED5D4B /* ShellScript */ = {
			isa = PBXShellScriptBuildPhase;
			buildActionMask = 2147483647;
			files = (
			);
			inputPaths = (
			);
			outputPaths = (
			);
			runOnlyForDeploymentPostprocessing = 0;
			shellPath = /bin/sh;
			shellScript = "# Run the unit tests in this test bundle.\n\"${SYSTEM_DEVELOPER_DIR}/Tools/RunUnitTests\"\n";
		};
/* End PBXShellScriptBuildPhase section */

/* Begin PBXSourcesBuildPhase section */
		A38EEF161552556100ED5D4B /* Sources */ = {
			isa = PBXSourcesBuildPhase;
			buildActionMask = 2147483647;
			files = (
				A38EEF2B1552556100ED5D4B /* main.m in Sources */,
				A38EEF321552556100ED5D4B /* AppDelegate.m in Sources */,
				A38EEF54155255CB00ED5D4B /* convert.m in Sources */,
			);
			runOnlyForDeploymentPostprocessing = 0;
		};
		A38EEF361552556200ED5D4B /* Sources */ = {
			isa = PBXSourcesBuildPhase;
			buildActionMask = 2147483647;
			files = (
				A38EEF491552556200ED5D4B /* PODHD_ConverterTests.m in Sources */,
			);
			runOnlyForDeploymentPostprocessing = 0;
		};
/* End PBXSourcesBuildPhase section */

/* Begin PBXTargetDependency section */
		A38EEF401552556200ED5D4B /* PBXTargetDependency */ = {
			isa = PBXTargetDependency;
			target = A38EEF191552556100ED5D4B /* PODHD Converter */;
			targetProxy = A38EEF3F1552556200ED5D4B /* PBXContainerItemProxy */;
		};
/* End PBXTargetDependency section */

/* Begin PBXVariantGroup section */
		A38EEF271552556100ED5D4B /* InfoPlist.strings */ = {
			isa = PBXVariantGroup;
			children = (
				A38EEF281552556100ED5D4B /* en */,
			);
			name = InfoPlist.strings;
			sourceTree = "<group>";
		};
		A38EEF2D1552556100ED5D4B /* Credits.rtf */ = {
			isa = PBXVariantGroup;
			children = (
				A38EEF2E1552556100ED5D4B /* en */,
			);
			name = Credits.rtf;
			sourceTree = "<group>";
		};
		A38EEF331552556200ED5D4B /* MainMenu.xib */ = {
			isa = PBXVariantGroup;
			children = (
				A38EEF341552556200ED5D4B /* en */,
			);
			name = MainMenu.xib;
			sourceTree = "<group>";
		};
		A38EEF441552556200ED5D4B /* InfoPlist.strings */ = {
			isa = PBXVariantGroup;
			children = (
				A38EEF451552556200ED5D4B /* en */,
			);
			name = InfoPlist.strings;
			sourceTree = "<group>";
		};
/* End PBXVariantGroup section */

/* Begin XCBuildConfiguration section */
		A38EEF4A1552556200ED5D4B /* Debug */ = {
			isa = XCBuildConfiguration;
			buildSettings = {
				ALWAYS_SEARCH_USER_PATHS = NO;
				ARCHS = "$(ARCHS_STANDARD_64_BIT)";
				CLANG_ENABLE_OBJC_ARC = YES;
				COPY_PHASE_STRIP = NO;
				GCC_C_LANGUAGE_STANDARD = gnu99;
				GCC_DYNAMIC_NO_PIC = NO;
				GCC_ENABLE_OBJC_EXCEPTIONS = YES;
				GCC_OPTIMIZATION_LEVEL = 0;
				GCC_PREPROCESSOR_DEFINITIONS = (
					"DEBUG=1",
					"$(inherited)",
				);
				GCC_SYMBOLS_PRIVATE_EXTERN = NO;
				GCC_VERSION = com.apple.compilers.llvm.clang.1_0;
				GCC_WARN_64_TO_32_BIT_CONVERSION = YES;
				GCC_WARN_ABOUT_RETURN_TYPE = YES;
				GCC_WARN_UNINITIALIZED_AUTOS = YES;
				GCC_WARN_UNUSED_VARIABLE = YES;
				MACOSX_DEPLOYMENT_TARGET = 10.7;
				ONLY_ACTIVE_ARCH = YES;
				SDKROOT = macosx;
			};
			name = Debug;
		};
		A38EEF4B1552556200ED5D4B /* Release */ = {
			isa = XCBuildConfiguration;
			buildSettings = {
				ALWAYS_SEARCH_USER_PATHS = NO;
				ARCHS = "$(ARCHS_STANDARD_64_BIT)";
				CLANG_ENABLE_OBJC_ARC = YES;
				COPY_PHASE_STRIP = YES;
				DEBUG_INFORMATION_FORMAT = "dwarf-with-dsym";
				GCC_C_LANGUAGE_STANDARD = gnu99;
				GCC_ENABLE_OBJC_EXCEPTIONS = YES;
				GCC_VERSION = com.apple.compilers.llvm.clang.1_0;
				GCC_WARN_64_TO_32_BIT_CONVERSION = YES;
				GCC_WARN_ABOUT_RETURN_TYPE = YES;
				GCC_WARN_UNINITIALIZED_AUTOS = YES;
				GCC_WARN_UNUSED_VARIABLE = YES;
				MACOSX_DEPLOYMENT_TARGET = 10.7;
				SDKROOT = macosx;
			};
			name = Release;
		};
		A38EEF4D1552556200ED5D4B /* Debug */ = {
			isa = XCBuildConfiguration;
			buildSettings = {
				CLANG_ENABLE_OBJC_ARC = NO;
				COPY_PHASE_STRIP = YES;
				GCC_PRECOMPILE_PREFIX_HEADER = YES;
				GCC_PREFIX_HEADER = "PODHD Converter/PODHD Converter-Prefix.pch";
				INFOPLIST_FILE = "PODHD Converter/PODHD Converter-Info.plist";
				MACOSX_DEPLOYMENT_TARGET = 10.5;
				ONLY_ACTIVE_ARCH = NO;
				PRODUCT_NAME = "$(TARGET_NAME)";
				SDKROOT = macosx10.7;
				WRAPPER_EXTENSION = app;
			};
			name = Debug;
		};
		A38EEF4E1552556200ED5D4B /* Release */ = {
			isa = XCBuildConfiguration;
			buildSettings = {
				CLANG_ENABLE_OBJC_ARC = NO;
				GCC_PRECOMPILE_PREFIX_HEADER = YES;
				GCC_PREFIX_HEADER = "PODHD Converter/PODHD Converter-Prefix.pch";
				INFOPLIST_FILE = "PODHD Converter/PODHD Converter-Info.plist";
				MACOSX_DEPLOYMENT_TARGET = 10.5;
				ONLY_ACTIVE_ARCH = NO;
				PRODUCT_NAME = "$(TARGET_NAME)";
				SDKROOT = macosx10.7;
				WRAPPER_EXTENSION = app;
			};
			name = Release;
		};
		A38EEF501552556200ED5D4B /* Debug */ = {
			isa = XCBuildConfiguration;
			buildSettings = {
				BUNDLE_LOADER = "$(BUILT_PRODUCTS_DIR)/PODHD Converter.app/Contents/MacOS/PODHD Converter";
				FRAMEWORK_SEARCH_PATHS = "$(DEVELOPER_LIBRARY_DIR)/Frameworks";
				GCC_PRECOMPILE_PREFIX_HEADER = YES;
				GCC_PREFIX_HEADER = "PODHD Converter/PODHD Converter-Prefix.pch";
				INFOPLIST_FILE = "PODHD ConverterTests/PODHD ConverterTests-Info.plist";
				PRODUCT_NAME = "$(TARGET_NAME)";
				TEST_HOST = "$(BUNDLE_LOADER)";
				WRAPPER_EXTENSION = octest;
			};
			name = Debug;
		};
		A38EEF511552556200ED5D4B /* Release */ = {
			isa = XCBuildConfiguration;
			buildSettings = {
				BUNDLE_LOADER = "$(BUILT_PRODUCTS_DIR)/PODHD Converter.app/Contents/MacOS/PODHD Converter";
				FRAMEWORK_SEARCH_PATHS = "$(DEVELOPER_LIBRARY_DIR)/Frameworks";
				GCC_PRECOMPILE_PREFIX_HEADER = YES;
				GCC_PREFIX_HEADER = "PODHD Converter/PODHD Converter-Prefix.pch";
				INFOPLIST_FILE = "PODHD ConverterTests/PODHD ConverterTests-Info.plist";
				PRODUCT_NAME = "$(TARGET_NAME)";
				TEST_HOST = "$(BUNDLE_LOADER)";
				WRAPPER_EXTENSION = octest;
			};
			name = Release;
		};
/* End XCBuildConfiguration section */

/* Begin XCConfigurationList section */
		A38EEF141552556100ED5D4B /* Build configuration list for PBXProject "PODHD Converter" */ = {
			isa = XCConfigurationList;
			buildConfigurations = (
				A38EEF4A1552556200ED5D4B /* Debug */,
				A38EEF4B1552556200ED5D4B /* Release */,
			);
			defaultConfigurationIsVisible = 0;
			defaultConfigurationName = Release;
		};
		A38EEF4C1552556200ED5D4B /* Build configuration list for PBXNativeTarget "PODHD Converter" */ = {
			isa = XCConfigurationList;
			buildConfigurations = (
				A38EEF4D1552556200ED5D4B /* Debug */,
				A38EEF4E1552556200ED5D4B /* Release */,
			);
			defaultConfigurationIsVisible = 0;
			defaultConfigurationName = Release;
		};
		A38EEF4F1552556200ED5D4B /* Build configuration list for PBXNativeTarget "PODHD ConverterTests" */ = {
			isa = XCConfigurationList;
			buildConfigurations = (
				A38EEF501552556200ED5D4B /* Debug */,
				A38EEF511552556200ED5D4B /* Release */,
			);
			defaultConfigurationIsVisible = 0;
			defaultConfigurationName = Release;
		};
/* End XCConfigurationList section */
	};
	rootObject = A38EEF111552556100ED5D4B /* Project object */;
}
